
Microsoft Visual Studio Solution File, Format Version 12.00
# Visual Studio Version 16
VisualStudioVersion = 16.0.31205.134
MinimumVisualStudioVersion = 10.0.40219.1
Project("{9A19103F-16F7-4668-BE54-9A1E7A4F7556}") = "CustomerCore", "CustomerCore\CustomerCore.csproj", "{A12426DE-18A7-40F1-A271-D75E63AB886D}"
EndProject
Project("{9A19103F-16F7-4668-BE54-9A1E7A4F7556}") = "LoggerService", "LoggerService\LoggerService.csproj", "{55CE00DB-F06B-422B-9932-0073037184D1}"
EndProject
Project("{9A19103F-16F7-4668-BE54-9A1E7A4F7556}") = "OrderCore", "OrderCore\OrderCore.csproj", "{E677399A-3F51-42EF-892A-EEC027B296B6}"
EndProject
Project("{9A19103F-16F7-4668-BE54-9A1E7A4F7556}") = "Customer_Api", "Customer_Api\Customer_Api.csproj", "{562942DB-6A6A-41A5-AE61-A87F1A300FBF}"
EndProject
Project("{9A19103F-16F7-4668-BE54-9A1E7A4F7556}") = "Order_Api", "Order_Api\Order_Api.csproj", "{E4110C55-3ABD-4946-B043-A5FC448B2435}"
EndProject
Project("{E53339B2-1760-4266-BCC7-CA923CBCF16C}") = "docker-compose", "docker-compose.dcproj", "{81EC0C95-BC4C-4CAD-9251-C5E563CB1FF3}"
EndProject
Project("{2150E333-8FDC-42A3-9474-1A3956D46DE8}") = "Services", "Services", "{02A4382B-91E2-4629-A6A0-2E09E3E41F2A}"
EndProject
Project("{2150E333-8FDC-42A3-9474-1A3956D46DE8}") = "Customer", "Customer", "{3A151EE3-8F29-4283-9BE6-2CD005B106F8}"
EndProject
Project("{2150E333-8FDC-42A3-9474-1A3956D46DE8}") = "Order", "Order", "{17E5899E-37C5-42B7-B168-6180EC8FF5D2}"
EndProject
Project("{2150E333-8FDC-42A3-9474-1A3956D46DE8}") = "ApiGateway", "ApiGateway", "{1FBEFDB8-06D6-4681-B653-115341B17977}"
EndProject
Project("{FAE04EC0-301F-11D3-BF4B-00C04F79EFBC}") = "Ocelot_Api", "Ocelot_Api\Ocelot_Api.csproj", "{07656AAE-C92C-4404-BDA9-9C9D23BB7FBE}"
EndProject
Project("{FAE04EC0-301F-11D3-BF4B-00C04F79EFBC}") = "Aggreation_Api", "Aggreation_Api\Aggreation_Api.csproj", "{29E4D17E-01B7-48FA-A82C-58D09822ACE8}"
EndProject
Project("{2150E333-8FDC-42A3-9474-1A3956D46DE8}") = "Product", "Product", "{FA8FED41-946E-40BF-826E-732B6A2FAF75}"
EndProject
Project("{FAE04EC0-301F-11D3-BF4B-00C04F79EFBC}") = "Product_Api", "Product_Api\Product_Api.csproj", "{CC4C4161-AA92-4EDB-9462-A849FF4F44D0}"
EndProject
Project("{FAE04EC0-301F-11D3-BF4B-00C04F79EFBC}") = "ProductCore", "ProductCore\ProductCore.csproj", "{D48F65AF-339C-4B5A-8677-6645F4FF47F7}"
EndProject
Global
	GlobalSection(SolutionConfigurationPlatforms) = preSolution
		Debug|Any CPU = Debug|Any CPU
		Release|Any CPU = Release|Any CPU
	EndGlobalSection
	GlobalSection(ProjectConfigurationPlatforms) = postSolution
		{A12426DE-18A7-40F1-A271-D75E63AB886D}.Debug|Any CPU.ActiveCfg = Debug|Any CPU
		{A12426DE-18A7-40F1-A271-D75E63AB886D}.Debug|Any CPU.Build.0 = Debug|Any CPU
		{A12426DE-18A7-40F1-A271-D75E63AB886D}.Release|Any CPU.ActiveCfg = Release|Any CPU
		{A12426DE-18A7-40F1-A271-D75E63AB886D}.Release|Any CPU.Build.0 = Release|Any CPU
		{55CE00DB-F06B-422B-9932-0073037184D1}.Debug|Any CPU.ActiveCfg = Debug|Any CPU
		{55CE00DB-F06B-422B-9932-0073037184D1}.Debug|Any CPU.Build.0 = Debug|Any CPU
		{55CE00DB-F06B-422B-9932-0073037184D1}.Release|Any CPU.ActiveCfg = Release|Any CPU
		{55CE00DB-F06B-422B-9932-0073037184D1}.Release|Any CPU.Build.0 = Release|Any CPU
		{E677399A-3F51-42EF-892A-EEC027B296B6}.Debug|Any CPU.ActiveCfg = Debug|Any CPU
		{E677399A-3F51-42EF-892A-EEC027B296B6}.Debug|Any CPU.Build.0 = Debug|Any CPU
		{E677399A-3F51-42EF-892A-EEC027B296B6}.Release|Any CPU.ActiveCfg = Release|Any CPU
		{E677399A-3F51-42EF-892A-EEC027B296B6}.Release|Any CPU.Build.0 = Release|Any CPU
		{562942DB-6A6A-41A5-AE61-A87F1A300FBF}.Debug|Any CPU.ActiveCfg = Debug|Any CPU
		{562942DB-6A6A-41A5-AE61-A87F1A300FBF}.Debug|Any CPU.Build.0 = Debug|Any CPU
		{562942DB-6A6A-41A5-AE61-A87F1A300FBF}.Release|Any CPU.ActiveCfg = Release|Any CPU
		{562942DB-6A6A-41A5-AE61-A87F1A300FBF}.Release|Any CPU.Build.0 = Release|Any CPU
		{E4110C55-3ABD-4946-B043-A5FC448B2435}.Debug|Any CPU.ActiveCfg = Debug|Any CPU
		{E4110C55-3ABD-4946-B043-A5FC448B2435}.Debug|Any CPU.Build.0 = Debug|Any CPU
		{E4110C55-3ABD-4946-B043-A5FC448B2435}.Release|Any CPU.ActiveCfg = Release|Any CPU
		{E4110C55-3ABD-4946-B043-A5FC448B2435}.Release|Any CPU.Build.0 = Release|Any CPU
		{81EC0C95-BC4C-4CAD-9251-C5E563CB1FF3}.Debug|Any CPU.ActiveCfg = Debug|Any CPU
		{81EC0C95-BC4C-4CAD-9251-C5E563CB1FF3}.Debug|Any CPU.Build.0 = Debug|Any CPU
		{81EC0C95-BC4C-4CAD-9251-C5E563CB1FF3}.Release|Any CPU.ActiveCfg = Release|Any CPU
		{81EC0C95-BC4C-4CAD-9251-C5E563CB1FF3}.Release|Any CPU.Build.0 = Release|Any CPU
		{07656AAE-C92C-4404-BDA9-9C9D23BB7FBE}.Debug|Any CPU.ActiveCfg = Debug|Any CPU
		{07656AAE-C92C-4404-BDA9-9C9D23BB7FBE}.Debug|Any CPU.Build.0 = Debug|Any CPU
		{07656AAE-C92C-4404-BDA9-9C9D23BB7FBE}.Release|Any CPU.ActiveCfg = Release|Any CPU
		{07656AAE-C92C-4404-BDA9-9C9D23BB7FBE}.Release|Any CPU.Build.0 = Release|Any CPU
		{29E4D17E-01B7-48FA-A82C-58D09822ACE8}.Debug|Any CPU.ActiveCfg = Debug|Any CPU
		{29E4D17E-01B7-48FA-A82C-58D09822ACE8}.Debug|Any CPU.Build.0 = Debug|Any CPU
		{29E4D17E-01B7-48FA-A82C-58D09822ACE8}.Release|Any CPU.ActiveCfg = Release|Any CPU
		{29E4D17E-01B7-48FA-A82C-58D09822ACE8}.Release|Any CPU.Build.0 = Release|Any CPU
		{CC4C4161-AA92-4EDB-9462-A849FF4F44D0}.Debug|Any CPU.ActiveCfg = Debug|Any CPU
		{CC4C4161-AA92-4EDB-9462-A849FF4F44D0}.Debug|Any CPU.Build.0 = Debug|Any CPU
		{CC4C4161-AA92-4EDB-9462-A849FF4F44D0}.Release|Any CPU.ActiveCfg = Release|Any CPU
		{CC4C4161-AA92-4EDB-9462-A849FF4F44D0}.Release|Any CPU.Build.0 = Release|Any CPU
		{D48F65AF-339C-4B5A-8677-6645F4FF47F7}.Debug|Any CPU.ActiveCfg = Debug|Any CPU
		{D48F65AF-339C-4B5A-8677-6645F4FF47F7}.Debug|Any CPU.Build.0 = Debug|Any CPU
		{D48F65AF-339C-4B5A-8677-6645F4FF47F7}.Release|Any CPU.ActiveCfg = Release|Any CPU
		{D48F65AF-339C-4B5A-8677-6645F4FF47F7}.Release|Any CPU.Build.0 = Release|Any CPU
	EndGlobalSection
	GlobalSection(SolutionProperties) = preSolution
		HideSolutionNode = FALSE
	EndGlobalSection
	GlobalSection(NestedProjects) = preSolution
		{A12426DE-18A7-40F1-A271-D75E63AB886D} = {3A151EE3-8F29-4283-9BE6-2CD005B106F8}
		{E677399A-3F51-42EF-892A-EEC027B296B6} = {17E5899E-37C5-42B7-B168-6180EC8FF5D2}
		{562942DB-6A6A-41A5-AE61-A87F1A300FBF} = {3A151EE3-8F29-4283-9BE6-2CD005B106F8}
		{E4110C55-3ABD-4946-B043-A5FC448B2435} = {17E5899E-37C5-42B7-B168-6180EC8FF5D2}
		{3A151EE3-8F29-4283-9BE6-2CD005B106F8} = {02A4382B-91E2-4629-A6A0-2E09E3E41F2A}
		{17E5899E-37C5-42B7-B168-6180EC8FF5D2} = {02A4382B-91E2-4629-A6A0-2E09E3E41F2A}
		{07656AAE-C92C-4404-BDA9-9C9D23BB7FBE} = {1FBEFDB8-06D6-4681-B653-115341B17977}
		{29E4D17E-01B7-48FA-A82C-58D09822ACE8} = {1FBEFDB8-06D6-4681-B653-115341B17977}
		{FA8FED41-946E-40BF-826E-732B6A2FAF75} = {02A4382B-91E2-4629-A6A0-2E09E3E41F2A}
		{CC4C4161-AA92-4EDB-9462-A849FF4F44D0} = {FA8FED41-946E-40BF-826E-732B6A2FAF75}
		{D48F65AF-339C-4B5A-8677-6645F4FF47F7} = {FA8FED41-946E-40BF-826E-732B6A2FAF75}
	EndGlobalSection
	GlobalSection(ExtensibilityGlobals) = postSolution
		SolutionGuid = {4D98C7EC-CA71-42EF-A00A-8C7EA24C3FCD}
	EndGlobalSection
EndGlobal
